
Microsoft Visual Studio Solution File, Format Version 12.00
# Visual Studio Version 17
VisualStudioVersion = 17.7.34003.232
MinimumVisualStudioVersion = 10.0.40219.1
Project("{FAE04EC0-301F-11D3-BF4B-00C04F79EFBC}") = "CustomerSupportChatApi", "CustomerSupportChatApi\CustomerSupportChatApi.csproj", "{7E479C43-4463-416C-9CAA-98BAE93B6408}"
EndProject
Project("{FAE04EC0-301F-11D3-BF4B-00C04F79EFBC}") = "ActiveSessionMonitor", "ActiveSessionMonitor\ActiveSessionMonitor.csproj", "{FD3C8BE4-27BC-42F2-818E-E732235F114B}"
EndProject
Project("{FAE04EC0-301F-11D3-BF4B-00C04F79EFBC}") = "CustomerSupport.Api.Tests", "CustomerSupport.Api.Tests\CustomerSupport.Api.Tests.csproj", "{684B0068-F2E2-4DE1-81CB-8CBB502DFC3A}"
EndProject
Global
	GlobalSection(SolutionConfigurationPlatforms) = preSolution
		Debug|Any CPU = Debug|Any CPU
		Release|Any CPU = Release|Any CPU
	EndGlobalSection
	GlobalSection(ProjectConfigurationPlatforms) = postSolution
		{7E479C43-4463-416C-9CAA-98BAE93B6408}.Debug|Any CPU.ActiveCfg = Debug|Any CPU
		{7E479C43-4463-416C-9CAA-98BAE93B6408}.Debug|Any CPU.Build.0 = Debug|Any CPU
		{7E479C43-4463-416C-9CAA-98BAE93B6408}.Release|Any CPU.ActiveCfg = Release|Any CPU
		{7E479C43-4463-416C-9CAA-98BAE93B6408}.Release|Any CPU.Build.0 = Release|Any CPU
		{FD3C8BE4-27BC-42F2-818E-E732235F114B}.Debug|Any CPU.ActiveCfg = Debug|Any CPU
		{FD3C8BE4-27BC-42F2-818E-E732235F114B}.Debug|Any CPU.Build.0 = Debug|Any CPU
		{FD3C8BE4-27BC-42F2-818E-E732235F114B}.Release|Any CPU.ActiveCfg = Release|Any CPU
		{FD3C8BE4-27BC-42F2-818E-E732235F114B}.Release|Any CPU.Build.0 = Release|Any CPU
		{684B0068-F2E2-4DE1-81CB-8CBB502DFC3A}.Debug|Any CPU.ActiveCfg = Debug|Any CPU
		{684B0068-F2E2-4DE1-81CB-8CBB502DFC3A}.Debug|Any CPU.Build.0 = Debug|Any CPU
		{684B0068-F2E2-4DE1-81CB-8CBB502DFC3A}.Release|Any CPU.ActiveCfg = Release|Any CPU
		{684B0068-F2E2-4DE1-81CB-8CBB502DFC3A}.Release|Any CPU.Build.0 = Release|Any CPU
	EndGlobalSection
	GlobalSection(SolutionProperties) = preSolution
		HideSolutionNode = FALSE
	EndGlobalSection
	GlobalSection(ExtensibilityGlobals) = postSolution
		SolutionGuid = {D75C77B7-F079-479F-8858-C31C2051806F}
	EndGlobalSection
EndGlobal
